
Microsoft Visual Studio Solution File, Format Version 12.00
# Visual Studio Version 16
VisualStudioVersion = 16.0.30804.86
MinimumVisualStudioVersion = 10.0.40219.1
Project("{FAE04EC0-301F-11D3-BF4B-00C04F79EFBC}") = "Calendar", "Calendar.csproj", "{796BE59B-B959-4BB0-AA82-79F74725D934}"
EndProject
Global
	GlobalSection(SolutionConfigurationPlatforms) = preSolution
		Debug|Any CPU = Debug|Any CPU
		Release|Any CPU = Release|Any CPU
	EndGlobalSection
	GlobalSection(ProjectConfigurationPlatforms) = postSolution
		{796BE59B-B959-4BB0-AA82-79F74725D934}.Debug|Any CPU.ActiveCfg = Debug|Any CPU
		{796BE59B-B959-4BB0-AA82-79F74725D934}.Debug|Any CPU.Build.0 = Debug|Any CPU
		{796BE59B-B959-4BB0-AA82-79F74725D934}.Release|Any CPU.ActiveCfg = Release|Any CPU
		{796BE59B-B959-4BB0-AA82-79F74725D934}.Release|Any CPU.Build.0 = Release|Any CPU
	EndGlobalSection
	GlobalSection(SolutionProperties) = preSolution
		HideSolutionNode = FALSE
	EndGlobalSection
	GlobalSection(ExtensibilityGlobals) = postSolution
		SolutionGuid = {F8F15398-863D-46F4-B6FE-E0F77543741C}
	EndGlobalSection
EndGlobal
